
Microsoft Visual Studio Solution File, Format Version 12.00
# Visual Studio Version 17
VisualStudioVersion = 17.9.34728.123
MinimumVisualStudioVersion = 10.0.40219.1
Project("{2150E333-8FDC-42A3-9474-1A3956D46DE8}") = "src", "src", "{D2BFCAC2-C815-46B5-8086-B9ACBAF9B181}"
EndProject
Project("{2150E333-8FDC-42A3-9474-1A3956D46DE8}") = "Core", "Core", "{4BA762F0-A3F0-4E71-8A0D-6C4E9AC85646}"
EndProject
Project("{2150E333-8FDC-42A3-9474-1A3956D46DE8}") = "Infraestructure", "Infraestructure", "{81A801E9-EE20-4FFB-AB19-7A582F2F6280}"
EndProject
Project("{2150E333-8FDC-42A3-9474-1A3956D46DE8}") = "Presentation", "Presentation", "{4005EAEF-7FBA-4238-9226-0D10B35CAFF1}"
EndProject
Project("{9A19103F-16F7-4668-BE54-9A1E7A4F7556}") = "Application", "Application\Application.csproj", "{D541895F-D3B5-4016-9D03-79B1CAF0422D}"
EndProject
Project("{9A19103F-16F7-4668-BE54-9A1E7A4F7556}") = "Domain", "Domain\Domain.csproj", "{865AAD8C-5E42-4EE1-AA37-BBC623886539}"
EndProject
Project("{9A19103F-16F7-4668-BE54-9A1E7A4F7556}") = "Persistence", "Persistence\Persistence.csproj", "{60A42B96-EB1F-4EEA-8CAF-B50EA7834C26}"
EndProject
Project("{9A19103F-16F7-4668-BE54-9A1E7A4F7556}") = "Shared", "Shared\Shared.csproj", "{97BB04E3-D82A-4F2E-9948-41023262E281}"
EndProject
Project("{9A19103F-16F7-4668-BE54-9A1E7A4F7556}") = "WebAPI", "WebAPI\WebAPI.csproj", "{BAC7B3D1-108C-4439-AFA9-04E4887D3FA1}"
EndProject
Project("{FAE04EC0-301F-11D3-BF4B-00C04F79EFBC}") = "Identity", "Identity\Identity.csproj", "{81DBB79D-CE45-4FC0-9B7A-6BBCBEDD83E7}"
EndProject
Global
	GlobalSection(SolutionConfigurationPlatforms) = preSolution
		Debug|Any CPU = Debug|Any CPU
		Release|Any CPU = Release|Any CPU
	EndGlobalSection
	GlobalSection(ProjectConfigurationPlatforms) = postSolution
		{D541895F-D3B5-4016-9D03-79B1CAF0422D}.Debug|Any CPU.ActiveCfg = Debug|Any CPU
		{D541895F-D3B5-4016-9D03-79B1CAF0422D}.Debug|Any CPU.Build.0 = Debug|Any CPU
		{D541895F-D3B5-4016-9D03-79B1CAF0422D}.Release|Any CPU.ActiveCfg = Release|Any CPU
		{D541895F-D3B5-4016-9D03-79B1CAF0422D}.Release|Any CPU.Build.0 = Release|Any CPU
		{865AAD8C-5E42-4EE1-AA37-BBC623886539}.Debug|Any CPU.ActiveCfg = Debug|Any CPU
		{865AAD8C-5E42-4EE1-AA37-BBC623886539}.Debug|Any CPU.Build.0 = Debug|Any CPU
		{865AAD8C-5E42-4EE1-AA37-BBC623886539}.Release|Any CPU.ActiveCfg = Release|Any CPU
		{865AAD8C-5E42-4EE1-AA37-BBC623886539}.Release|Any CPU.Build.0 = Release|Any CPU
		{60A42B96-EB1F-4EEA-8CAF-B50EA7834C26}.Debug|Any CPU.ActiveCfg = Debug|Any CPU
		{60A42B96-EB1F-4EEA-8CAF-B50EA7834C26}.Debug|Any CPU.Build.0 = Debug|Any CPU
		{60A42B96-EB1F-4EEA-8CAF-B50EA7834C26}.Release|Any CPU.ActiveCfg = Release|Any CPU
		{60A42B96-EB1F-4EEA-8CAF-B50EA7834C26}.Release|Any CPU.Build.0 = Release|Any CPU
		{97BB04E3-D82A-4F2E-9948-41023262E281}.Debug|Any CPU.ActiveCfg = Debug|Any CPU
		{97BB04E3-D82A-4F2E-9948-41023262E281}.Debug|Any CPU.Build.0 = Debug|Any CPU
		{97BB04E3-D82A-4F2E-9948-41023262E281}.Release|Any CPU.ActiveCfg = Release|Any CPU
		{97BB04E3-D82A-4F2E-9948-41023262E281}.Release|Any CPU.Build.0 = Release|Any CPU
		{BAC7B3D1-108C-4439-AFA9-04E4887D3FA1}.Debug|Any CPU.ActiveCfg = Debug|Any CPU
		{BAC7B3D1-108C-4439-AFA9-04E4887D3FA1}.Debug|Any CPU.Build.0 = Debug|Any CPU
		{BAC7B3D1-108C-4439-AFA9-04E4887D3FA1}.Release|Any CPU.ActiveCfg = Release|Any CPU
		{BAC7B3D1-108C-4439-AFA9-04E4887D3FA1}.Release|Any CPU.Build.0 = Release|Any CPU
		{81DBB79D-CE45-4FC0-9B7A-6BBCBEDD83E7}.Debug|Any CPU.ActiveCfg = Debug|Any CPU
		{81DBB79D-CE45-4FC0-9B7A-6BBCBEDD83E7}.Debug|Any CPU.Build.0 = Debug|Any CPU
		{81DBB79D-CE45-4FC0-9B7A-6BBCBEDD83E7}.Release|Any CPU.ActiveCfg = Release|Any CPU
		{81DBB79D-CE45-4FC0-9B7A-6BBCBEDD83E7}.Release|Any CPU.Build.0 = Release|Any CPU
	EndGlobalSection
	GlobalSection(SolutionProperties) = preSolution
		HideSolutionNode = FALSE
	EndGlobalSection
	GlobalSection(NestedProjects) = preSolution
		{4BA762F0-A3F0-4E71-8A0D-6C4E9AC85646} = {D2BFCAC2-C815-46B5-8086-B9ACBAF9B181}
		{81A801E9-EE20-4FFB-AB19-7A582F2F6280} = {D2BFCAC2-C815-46B5-8086-B9ACBAF9B181}
		{4005EAEF-7FBA-4238-9226-0D10B35CAFF1} = {D2BFCAC2-C815-46B5-8086-B9ACBAF9B181}
		{D541895F-D3B5-4016-9D03-79B1CAF0422D} = {4BA762F0-A3F0-4E71-8A0D-6C4E9AC85646}
		{865AAD8C-5E42-4EE1-AA37-BBC623886539} = {4BA762F0-A3F0-4E71-8A0D-6C4E9AC85646}
		{60A42B96-EB1F-4EEA-8CAF-B50EA7834C26} = {81A801E9-EE20-4FFB-AB19-7A582F2F6280}
		{97BB04E3-D82A-4F2E-9948-41023262E281} = {81A801E9-EE20-4FFB-AB19-7A582F2F6280}
		{BAC7B3D1-108C-4439-AFA9-04E4887D3FA1} = {4005EAEF-7FBA-4238-9226-0D10B35CAFF1}
		{81DBB79D-CE45-4FC0-9B7A-6BBCBEDD83E7} = {81A801E9-EE20-4FFB-AB19-7A582F2F6280}
	EndGlobalSection
	GlobalSection(ExtensibilityGlobals) = postSolution
		SolutionGuid = {26165CDC-C90E-446C-82FE-63EB7E202A7D}
	EndGlobalSection
EndGlobal
